
Microsoft Visual Studio Solution File, Format Version 12.00
# Visual Studio Version 16
VisualStudioVersion = 16.0.29905.134
MinimumVisualStudioVersion = 10.0.40219.1
Project("{FAE04EC0-301F-11D3-BF4B-00C04F79EFBC}") = "Level4", "Level4\Level4.csproj", "{EAE6BF62-1EDB-463A-B554-794394AC4B17}"
EndProject
Global
	GlobalSection(SolutionConfigurationPlatforms) = preSolution
		Debug|Any CPU = Debug|Any CPU
		Release|Any CPU = Release|Any CPU
	EndGlobalSection
	GlobalSection(ProjectConfigurationPlatforms) = postSolution
		{EAE6BF62-1EDB-463A-B554-794394AC4B17}.Debug|Any CPU.ActiveCfg = Debug|Any CPU
		{EAE6BF62-1EDB-463A-B554-794394AC4B17}.Debug|Any CPU.Build.0 = Debug|Any CPU
		{EAE6BF62-1EDB-463A-B554-794394AC4B17}.Release|Any CPU.ActiveCfg = Release|Any CPU
		{EAE6BF62-1EDB-463A-B554-794394AC4B17}.Release|Any CPU.Build.0 = Release|Any CPU
	EndGlobalSection
	GlobalSection(SolutionProperties) = preSolution
		HideSolutionNode = FALSE
	EndGlobalSection
	GlobalSection(ExtensibilityGlobals) = postSolution
		SolutionGuid = {52CD0889-E354-432A-BF44-77690D2B0D43}
	EndGlobalSection
EndGlobal
